
Microsoft Visual Studio Solution File, Format Version 12.00
# Visual Studio 15
VisualStudioVersion = 15.0.28307.1022
MinimumVisualStudioVersion = 10.0.40219.1
Project("{9A19103F-16F7-4668-BE54-9A1E7A4F7556}") = "Envolti.JurosAPI", "Envolti.JurosAPI\Envolti.JurosAPI.csproj", "{D8C448F0-53C1-4148-9472-EB4FB737E9D0}"
EndProject
Project("{9A19103F-16F7-4668-BE54-9A1E7A4F7556}") = "Envolti.IoC", "Envolti.IoC\Envolti.IoC.csproj", "{E679E598-3394-4B58-A9C4-89D4BBB35594}"
EndProject
Project("{9A19103F-16F7-4668-BE54-9A1E7A4F7556}") = "Envolti.Interfaces", "Envolti.Interfaces\Envolti.Interfaces.csproj", "{3F884A86-FA68-4ED3-BA12-5E2C0DBC9DE6}"
EndProject
Project("{9A19103F-16F7-4668-BE54-9A1E7A4F7556}") = "Envolti.Servicos", "Envolti.Servicos\Envolti.Servicos.csproj", "{BDC26D3E-A02F-4FBE-A3CE-42D9CB440B91}"
EndProject
Project("{9A19103F-16F7-4668-BE54-9A1E7A4F7556}") = "Envolti.CalculaJurosAPI", "Envolti.CalculaJurosAPI\Envolti.CalculaJurosAPI.csproj", "{9CA7814E-824F-48E9-928C-0750D6D50216}"
EndProject
Project("{9A19103F-16F7-4668-BE54-9A1E7A4F7556}") = "Envolti.Excecoes", "Envolti.Excecoes\Envolti.Excecoes.csproj", "{17789010-B43E-4701-A43A-0C9864E63D07}"
EndProject
Project("{E53339B2-1760-4266-BCC7-CA923CBCF16C}") = "docker-compose", "docker-compose.dcproj", "{C460EF22-2DD9-401D-BD2E-0A8289C73072}"
EndProject
Project("{9A19103F-16F7-4668-BE54-9A1E7A4F7556}") = "Envolti.Dominio", "Envolti.Dominio\Envolti.Dominio.csproj", "{E07D5DF9-7430-426E-B197-C09DB687EB91}"
EndProject
Project("{9A19103F-16F7-4668-BE54-9A1E7A4F7556}") = "Envolti.Dominio.Testes", "..\Envolti.Dominio.Testes\Envolti.Dominio.Testes.csproj", "{C9786743-1949-44E7-93F9-602478421F0D}"
EndProject
Project("{9A19103F-16F7-4668-BE54-9A1E7A4F7556}") = "Envolti.Integracao.Testes", "..\Envolti.IntegracaoApis.Testes\Envolti.Integracao.Testes.csproj", "{27F27E8C-CA37-424F-8A83-747C1DDAA8B9}"
EndProject
Global
	GlobalSection(SolutionConfigurationPlatforms) = preSolution
		Debug|Any CPU = Debug|Any CPU
		Release|Any CPU = Release|Any CPU
	EndGlobalSection
	GlobalSection(ProjectConfigurationPlatforms) = postSolution
		{D8C448F0-53C1-4148-9472-EB4FB737E9D0}.Debug|Any CPU.ActiveCfg = Debug|Any CPU
		{D8C448F0-53C1-4148-9472-EB4FB737E9D0}.Debug|Any CPU.Build.0 = Debug|Any CPU
		{D8C448F0-53C1-4148-9472-EB4FB737E9D0}.Release|Any CPU.ActiveCfg = Release|Any CPU
		{D8C448F0-53C1-4148-9472-EB4FB737E9D0}.Release|Any CPU.Build.0 = Release|Any CPU
		{E679E598-3394-4B58-A9C4-89D4BBB35594}.Debug|Any CPU.ActiveCfg = Debug|Any CPU
		{E679E598-3394-4B58-A9C4-89D4BBB35594}.Debug|Any CPU.Build.0 = Debug|Any CPU
		{E679E598-3394-4B58-A9C4-89D4BBB35594}.Release|Any CPU.ActiveCfg = Release|Any CPU
		{E679E598-3394-4B58-A9C4-89D4BBB35594}.Release|Any CPU.Build.0 = Release|Any CPU
		{3F884A86-FA68-4ED3-BA12-5E2C0DBC9DE6}.Debug|Any CPU.ActiveCfg = Debug|Any CPU
		{3F884A86-FA68-4ED3-BA12-5E2C0DBC9DE6}.Debug|Any CPU.Build.0 = Debug|Any CPU
		{3F884A86-FA68-4ED3-BA12-5E2C0DBC9DE6}.Release|Any CPU.ActiveCfg = Release|Any CPU
		{3F884A86-FA68-4ED3-BA12-5E2C0DBC9DE6}.Release|Any CPU.Build.0 = Release|Any CPU
		{BDC26D3E-A02F-4FBE-A3CE-42D9CB440B91}.Debug|Any CPU.ActiveCfg = Debug|Any CPU
		{BDC26D3E-A02F-4FBE-A3CE-42D9CB440B91}.Debug|Any CPU.Build.0 = Debug|Any CPU
		{BDC26D3E-A02F-4FBE-A3CE-42D9CB440B91}.Release|Any CPU.ActiveCfg = Release|Any CPU
		{BDC26D3E-A02F-4FBE-A3CE-42D9CB440B91}.Release|Any CPU.Build.0 = Release|Any CPU
		{9CA7814E-824F-48E9-928C-0750D6D50216}.Debug|Any CPU.ActiveCfg = Debug|Any CPU
		{9CA7814E-824F-48E9-928C-0750D6D50216}.Debug|Any CPU.Build.0 = Debug|Any CPU
		{9CA7814E-824F-48E9-928C-0750D6D50216}.Release|Any CPU.ActiveCfg = Release|Any CPU
		{9CA7814E-824F-48E9-928C-0750D6D50216}.Release|Any CPU.Build.0 = Release|Any CPU
		{17789010-B43E-4701-A43A-0C9864E63D07}.Debug|Any CPU.ActiveCfg = Debug|Any CPU
		{17789010-B43E-4701-A43A-0C9864E63D07}.Debug|Any CPU.Build.0 = Debug|Any CPU
		{17789010-B43E-4701-A43A-0C9864E63D07}.Release|Any CPU.ActiveCfg = Release|Any CPU
		{17789010-B43E-4701-A43A-0C9864E63D07}.Release|Any CPU.Build.0 = Release|Any CPU
		{C460EF22-2DD9-401D-BD2E-0A8289C73072}.Debug|Any CPU.ActiveCfg = Debug|Any CPU
		{C460EF22-2DD9-401D-BD2E-0A8289C73072}.Debug|Any CPU.Build.0 = Debug|Any CPU
		{C460EF22-2DD9-401D-BD2E-0A8289C73072}.Release|Any CPU.ActiveCfg = Release|Any CPU
		{C460EF22-2DD9-401D-BD2E-0A8289C73072}.Release|Any CPU.Build.0 = Release|Any CPU
		{E07D5DF9-7430-426E-B197-C09DB687EB91}.Debug|Any CPU.ActiveCfg = Debug|Any CPU
		{E07D5DF9-7430-426E-B197-C09DB687EB91}.Debug|Any CPU.Build.0 = Debug|Any CPU
		{E07D5DF9-7430-426E-B197-C09DB687EB91}.Release|Any CPU.ActiveCfg = Release|Any CPU
		{E07D5DF9-7430-426E-B197-C09DB687EB91}.Release|Any CPU.Build.0 = Release|Any CPU
		{C9786743-1949-44E7-93F9-602478421F0D}.Debug|Any CPU.ActiveCfg = Debug|Any CPU
		{C9786743-1949-44E7-93F9-602478421F0D}.Debug|Any CPU.Build.0 = Debug|Any CPU
		{C9786743-1949-44E7-93F9-602478421F0D}.Release|Any CPU.ActiveCfg = Release|Any CPU
		{C9786743-1949-44E7-93F9-602478421F0D}.Release|Any CPU.Build.0 = Release|Any CPU
		{27F27E8C-CA37-424F-8A83-747C1DDAA8B9}.Debug|Any CPU.ActiveCfg = Debug|Any CPU
		{27F27E8C-CA37-424F-8A83-747C1DDAA8B9}.Debug|Any CPU.Build.0 = Debug|Any CPU
		{27F27E8C-CA37-424F-8A83-747C1DDAA8B9}.Release|Any CPU.ActiveCfg = Release|Any CPU
		{27F27E8C-CA37-424F-8A83-747C1DDAA8B9}.Release|Any CPU.Build.0 = Release|Any CPU
	EndGlobalSection
	GlobalSection(SolutionProperties) = preSolution
		HideSolutionNode = FALSE
	EndGlobalSection
	GlobalSection(ExtensibilityGlobals) = postSolution
		SolutionGuid = {4403F94E-41DB-467B-A20B-F70C5DCBA629}
	EndGlobalSection
EndGlobal
